
Microsoft Visual Studio Solution File, Format Version 12.00
# Visual Studio Version 16
VisualStudioVersion = 16.0.30804.86
MinimumVisualStudioVersion = 10.0.40219.1
Project("{888888A0-9F3D-457C-B088-3A5042F75D52}") = "generate_images_demo_live", "generate_images_demo_live\generate_images_demo_live.pyproj", "{4F1325A3-EE97-4623-B765-EB5CD96B8F67}"
EndProject
Global
	GlobalSection(SolutionConfigurationPlatforms) = preSolution
		Debug|Any CPU = Debug|Any CPU
		Release|Any CPU = Release|Any CPU
	EndGlobalSection
	GlobalSection(ProjectConfigurationPlatforms) = postSolution
		{4F1325A3-EE97-4623-B765-EB5CD96B8F67}.Debug|Any CPU.ActiveCfg = Debug|Any CPU
		{4F1325A3-EE97-4623-B765-EB5CD96B8F67}.Release|Any CPU.ActiveCfg = Release|Any CPU
	EndGlobalSection
	GlobalSection(SolutionProperties) = preSolution
		HideSolutionNode = FALSE
	EndGlobalSection
	GlobalSection(ExtensibilityGlobals) = postSolution
		SolutionGuid = {A19D7EDD-9959-4C57-9C22-7C94D469B7FE}
	EndGlobalSection
EndGlobal
